
Microsoft Visual Studio Solution File, Format Version 12.00
# Visual Studio Version 17
VisualStudioVersion = 17.12.35527.113
MinimumVisualStudioVersion = 10.0.40219.1
Project("{9A19103F-16F7-4668-BE54-9A1E7A4F7556}") = "JobPortalReal", "JobPortalReal.csproj", "{40D33465-608C-4EF0-81C4-C395E1B762D6}"
EndProject
Project("{9A19103F-16F7-4668-BE54-9A1E7A4F7556}") = "JobPortalReal.DataAccess", "..\JobPortalReal.DataAccess\JobPortalReal.DataAccess.csproj", "{9373F1B6-785A-4AB3-AF9E-ACDD7E840A81}"
EndProject
Project("{9A19103F-16F7-4668-BE54-9A1E7A4F7556}") = "JobPortalReal.Models", "..\JobPortalReal.Models\JobPortalReal.Models.csproj", "{BE14F63A-5480-4D57-B459-93F952A74B9A}"
EndProject
Project("{9A19103F-16F7-4668-BE54-9A1E7A4F7556}") = "JobPortalReal.Services", "..\JobPortalReal.Services\JobPortalReal.Services.csproj", "{1B90DA88-AA63-4C95-8D75-4C62B3CB5A47}"
EndProject
Project("{9A19103F-16F7-4668-BE54-9A1E7A4F7556}") = "JobPortalReal.API", "..\JobPortalReal.API\JobPortalReal.API.csproj", "{BE75D69A-1EF1-43CA-B290-F75E3DC7EEBD}"
EndProject
Global
	GlobalSection(SolutionConfigurationPlatforms) = preSolution
		Debug|Any CPU = Debug|Any CPU
		Release|Any CPU = Release|Any CPU
	EndGlobalSection
	GlobalSection(ProjectConfigurationPlatforms) = postSolution
		{40D33465-608C-4EF0-81C4-C395E1B762D6}.Debug|Any CPU.ActiveCfg = Debug|Any CPU
		{40D33465-608C-4EF0-81C4-C395E1B762D6}.Debug|Any CPU.Build.0 = Debug|Any CPU
		{40D33465-608C-4EF0-81C4-C395E1B762D6}.Release|Any CPU.ActiveCfg = Release|Any CPU
		{40D33465-608C-4EF0-81C4-C395E1B762D6}.Release|Any CPU.Build.0 = Release|Any CPU
		{9373F1B6-785A-4AB3-AF9E-ACDD7E840A81}.Debug|Any CPU.ActiveCfg = Debug|Any CPU
		{9373F1B6-785A-4AB3-AF9E-ACDD7E840A81}.Debug|Any CPU.Build.0 = Debug|Any CPU
		{9373F1B6-785A-4AB3-AF9E-ACDD7E840A81}.Release|Any CPU.ActiveCfg = Release|Any CPU
		{9373F1B6-785A-4AB3-AF9E-ACDD7E840A81}.Release|Any CPU.Build.0 = Release|Any CPU
		{BE14F63A-5480-4D57-B459-93F952A74B9A}.Debug|Any CPU.ActiveCfg = Debug|Any CPU
		{BE14F63A-5480-4D57-B459-93F952A74B9A}.Debug|Any CPU.Build.0 = Debug|Any CPU
		{BE14F63A-5480-4D57-B459-93F952A74B9A}.Release|Any CPU.ActiveCfg = Release|Any CPU
		{BE14F63A-5480-4D57-B459-93F952A74B9A}.Release|Any CPU.Build.0 = Release|Any CPU
		{1B90DA88-AA63-4C95-8D75-4C62B3CB5A47}.Debug|Any CPU.ActiveCfg = Debug|Any CPU
		{1B90DA88-AA63-4C95-8D75-4C62B3CB5A47}.Debug|Any CPU.Build.0 = Debug|Any CPU
		{1B90DA88-AA63-4C95-8D75-4C62B3CB5A47}.Release|Any CPU.ActiveCfg = Release|Any CPU
		{1B90DA88-AA63-4C95-8D75-4C62B3CB5A47}.Release|Any CPU.Build.0 = Release|Any CPU
		{BE75D69A-1EF1-43CA-B290-F75E3DC7EEBD}.Debug|Any CPU.ActiveCfg = Debug|Any CPU
		{BE75D69A-1EF1-43CA-B290-F75E3DC7EEBD}.Debug|Any CPU.Build.0 = Debug|Any CPU
		{BE75D69A-1EF1-43CA-B290-F75E3DC7EEBD}.Release|Any CPU.ActiveCfg = Release|Any CPU
		{BE75D69A-1EF1-43CA-B290-F75E3DC7EEBD}.Release|Any CPU.Build.0 = Release|Any CPU
	EndGlobalSection
	GlobalSection(SolutionProperties) = preSolution
		HideSolutionNode = FALSE
	EndGlobalSection
	GlobalSection(ExtensibilityGlobals) = postSolution
		SolutionGuid = {9A52D3AD-A3E5-48E5-9F2E-9B25AAC3D512}
	EndGlobalSection
EndGlobal
